
Microsoft Visual Studio Solution File, Format Version 12.00
# Visual Studio Version 17
VisualStudioVersion = 17.11.35312.102
MinimumVisualStudioVersion = 10.0.40219.1
Project("{FAE04EC0-301F-11D3-BF4B-00C04F79EFBC}") = "GyeotaeAdmin", "GyeotaeAdmin\GyeotaeAdmin.csproj", "{ADF32933-F150-4749-9665-82837DB4B4C5}"
EndProject
Global
	GlobalSection(SolutionConfigurationPlatforms) = preSolution
		Debug|Any CPU = Debug|Any CPU
		Release|Any CPU = Release|Any CPU
	EndGlobalSection
	GlobalSection(ProjectConfigurationPlatforms) = postSolution
		{ADF32933-F150-4749-9665-82837DB4B4C5}.Debug|Any CPU.ActiveCfg = Debug|Any CPU
		{ADF32933-F150-4749-9665-82837DB4B4C5}.Debug|Any CPU.Build.0 = Debug|Any CPU
		{ADF32933-F150-4749-9665-82837DB4B4C5}.Release|Any CPU.ActiveCfg = Release|Any CPU
		{ADF32933-F150-4749-9665-82837DB4B4C5}.Release|Any CPU.Build.0 = Release|Any CPU
	EndGlobalSection
	GlobalSection(SolutionProperties) = preSolution
		HideSolutionNode = FALSE
	EndGlobalSection
	GlobalSection(ExtensibilityGlobals) = postSolution
		SolutionGuid = {6877A709-579B-4CFC-83C6-BE4F1DBA23CF}
	EndGlobalSection
EndGlobal
